// !$*UTF8*$!
{
	archiveVersion = 1;
	classes = {
	};
	objectVersion = 46;
	objects = {

/* Begin PBXBuildFile section */
		DC4CEFE71A6887990066AC6D /* Social.framework in Frameworks */ = {isa = PBXBuildFile; fileRef = DC4CEFE61A6887990066AC6D /* Social.framework */; };
		DC4CEFE91A6888170066AC6D /* Accounts.framework in Frameworks */ = {isa = PBXBuildFile; fileRef = DC4CEFE81A6888170066AC6D /* Accounts.framework */; };
		DC951CE41A684E8A00790BDA /* Location.swift in Sources */ = {isa = PBXBuildFile; fileRef = DC951CE31A684E8A00790BDA /* Location.swift */; };
		DC951CE61A684EFF00790BDA /* Meeting.swift in Sources */ = {isa = PBXBuildFile; fileRef = DC951CE51A684EFF00790BDA /* Meeting.swift */; };
		DC951CE81A685A1000790BDA /* MeetingCreateViewController.swift in Sources */ = {isa = PBXBuildFile; fileRef = DC951CE71A685A1000790BDA /* MeetingCreateViewController.swift */; };
		DCAC176C1A5BC906009DA01F /* AppDelegate.swift in Sources */ = {isa = PBXBuildFile; fileRef = DCAC176B1A5BC906009DA01F /* AppDelegate.swift */; };
		DCAC176E1A5BC906009DA01F /* MapViewController.swift in Sources */ = {isa = PBXBuildFile; fileRef = DCAC176D1A5BC906009DA01F /* MapViewController.swift */; };
		DCAC17711A5BC906009DA01F /* Main.storyboard in Resources */ = {isa = PBXBuildFile; fileRef = DCAC176F1A5BC906009DA01F /* Main.storyboard */; };
		DCAC17731A5BC907009DA01F /* Images.xcassets in Resources */ = {isa = PBXBuildFile; fileRef = DCAC17721A5BC907009DA01F /* Images.xcassets */; };
		DCAC17761A5BC907009DA01F /* LaunchScreen.xib in Resources */ = {isa = PBXBuildFile; fileRef = DCAC17741A5BC907009DA01F /* LaunchScreen.xib */; };
		DCAC17821A5BC907009DA01F /* CocoaheadsTests.swift in Sources */ = {isa = PBXBuildFile; fileRef = DCAC17811A5BC907009DA01F /* CocoaheadsTests.swift */; };
		DCAC178E1A5BC939009DA01F /* Bolts.framework in Frameworks */ = {isa = PBXBuildFile; fileRef = DCAC178B1A5BC939009DA01F /* Bolts.framework */; };
		DCAC178F1A5BC939009DA01F /* Parse.framework in Frameworks */ = {isa = PBXBuildFile; fileRef = DCAC178C1A5BC939009DA01F /* Parse.framework */; };
		DCAC17901A5BC939009DA01F /* ParseCrashReporting.framework in Frameworks */ = {isa = PBXBuildFile; fileRef = DCAC178D1A5BC939009DA01F /* ParseCrashReporting.framework */; };
		DCAC17931A5BC973009DA01F /* AudioToolbox.framework in Frameworks */ = {isa = PBXBuildFile; fileRef = DCAC17921A5BC973009DA01F /* AudioToolbox.framework */; };
		DCAC17951A5BC97E009DA01F /* CFNetwork.framework in Frameworks */ = {isa = PBXBuildFile; fileRef = DCAC17941A5BC97E009DA01F /* CFNetwork.framework */; };
		DCAC17971A5BC983009DA01F /* CoreLocation.framework in Frameworks */ = {isa = PBXBuildFile; fileRef = DCAC17961A5BC983009DA01F /* CoreLocation.framework */; };
		DCAC17991A5BC98B009DA01F /* CoreGraphics.framework in Frameworks */ = {isa = PBXBuildFile; fileRef = DCAC17981A5BC98B009DA01F /* CoreGraphics.framework */; };
		DCAC179B1A5BC995009DA01F /* MobileCoreServices.framework in Frameworks */ = {isa = PBXBuildFile; fileRef = DCAC179A1A5BC995009DA01F /* MobileCoreServices.framework */; };
		DCAC179D1A5BC99F009DA01F /* QuartzCore.framework in Frameworks */ = {isa = PBXBuildFile; fileRef = DCAC179C1A5BC99F009DA01F /* QuartzCore.framework */; };
		DCAC179F1A5BC9A4009DA01F /* Security.framework in Frameworks */ = {isa = PBXBuildFile; fileRef = DCAC179E1A5BC9A4009DA01F /* Security.framework */; };
		DCAC17A11A5BC9A9009DA01F /* StoreKit.framework in Frameworks */ = {isa = PBXBuildFile; fileRef = DCAC17A01A5BC9A9009DA01F /* StoreKit.framework */; };
		DCAC17A31A5BC9B6009DA01F /* SystemConfiguration.framework in Frameworks */ = {isa = PBXBuildFile; fileRef = DCAC17A21A5BC9B6009DA01F /* SystemConfiguration.framework */; };
		DCAC17A51A5BC9BF009DA01F /* libz.dylib in Frameworks */ = {isa = PBXBuildFile; fileRef = DCAC17A41A5BC9BF009DA01F /* libz.dylib */; };
		DCAC17A71A5BC9C5009DA01F /* libsqlite3.dylib in Frameworks */ = {isa = PBXBuildFile; fileRef = DCAC17A61A5BC9C5009DA01F /* libsqlite3.dylib */; };
		DCAC17AD1A5BD413009DA01F /* libstdc++.6.dylib in Frameworks */ = {isa = PBXBuildFile; fileRef = DCAC17AC1A5BD413009DA01F /* libstdc++.6.dylib */; };
		DCAC17AF1A5BD7C7009DA01F /* MapKit.framework in Frameworks */ = {isa = PBXBuildFile; fileRef = DCAC17AE1A5BD7C7009DA01F /* MapKit.framework */; };
		DCAC17B11A5BD920009DA01F /* MapAnnotation.swift in Sources */ = {isa = PBXBuildFile; fileRef = DCAC17B01A5BD920009DA01F /* MapAnnotation.swift */; };
		DCCECF9A1A60B2EA00CC89AF /* MeetingListViewController.swift in Sources */ = {isa = PBXBuildFile; fileRef = DCCECF991A60B2EA00CC89AF /* MeetingListViewController.swift */; };
		DCCECF9C1A60B3D900CC89AF /* ParseUI.framework in Frameworks */ = {isa = PBXBuildFile; fileRef = DCCECF9B1A60B3D900CC89AF /* ParseUI.framework */; };
		DCFCBA781A6B29F500970748 /* Registration.swift in Sources */ = {isa = PBXBuildFile; fileRef = DCFCBA771A6B29F500970748 /* Registration.swift */; };
/* End PBXBuildFile section */

/* Begin PBXContainerItemProxy section */
		DCAC177C1A5BC907009DA01F /* PBXContainerItemProxy */ = {
			isa = PBXContainerItemProxy;
			containerPortal = DCAC175E1A5BC906009DA01F /* Project object */;
			proxyType = 1;
			remoteGlobalIDString = DCAC17651A5BC906009DA01F;
			remoteInfo = Cocoaheads;
		};
/* End PBXContainerItemProxy section */

/* Begin PBXFileReference section */
		DC4CEFE61A6887990066AC6D /* Social.framework */ = {isa = PBXFileReference; lastKnownFileType = wrapper.framework; name = Social.framework; path = System/Library/Frameworks/Social.framework; sourceTree = SDKROOT; };
		DC4CEFE81A6888170066AC6D /* Accounts.framework */ = {isa = PBXFileReference; lastKnownFileType = wrapper.framework; name = Accounts.framework; path = System/Library/Frameworks/Accounts.framework; sourceTree = SDKROOT; };
		DC951CE31A684E8A00790BDA /* Location.swift */ = {isa = PBXFileReference; fileEncoding = 4; lastKnownFileType = sourcecode.swift; path = Location.swift; sourceTree = "<group>"; };
		DC951CE51A684EFF00790BDA /* Meeting.swift */ = {isa = PBXFileReference; fileEncoding = 4; lastKnownFileType = sourcecode.swift; path = Meeting.swift; sourceTree = "<group>"; };
		DC951CE71A685A1000790BDA /* MeetingCreateViewController.swift */ = {isa = PBXFileReference; fileEncoding = 4; lastKnownFileType = sourcecode.swift; path = MeetingCreateViewController.swift; sourceTree = "<group>"; };
		DCAC17661A5BC906009DA01F /* Cocoaheads.app */ = {isa = PBXFileReference; explicitFileType = wrapper.application; includeInIndex = 0; path = Cocoaheads.app; sourceTree = BUILT_PRODUCTS_DIR; };
		DCAC176A1A5BC906009DA01F /* Info.plist */ = {isa = PBXFileReference; lastKnownFileType = text.plist.xml; path = Info.plist; sourceTree = "<group>"; };
		DCAC176B1A5BC906009DA01F /* AppDelegate.swift */ = {isa = PBXFileReference; lastKnownFileType = sourcecode.swift; path = AppDelegate.swift; sourceTree = "<group>"; };
		DCAC176D1A5BC906009DA01F /* MapViewController.swift */ = {isa = PBXFileReference; lastKnownFileType = sourcecode.swift; path = MapViewController.swift; sourceTree = "<group>"; };
		DCAC17701A5BC906009DA01F /* Base */ = {isa = PBXFileReference; lastKnownFileType = file.storyboard; name = Base; path = Base.lproj/Main.storyboard; sourceTree = "<group>"; };
		DCAC17721A5BC907009DA01F /* Images.xcassets */ = {isa = PBXFileReference; lastKnownFileType = folder.assetcatalog; path = Images.xcassets; sourceTree = "<group>"; };
		DCAC17751A5BC907009DA01F /* Base */ = {isa = PBXFileReference; lastKnownFileType = file.xib; name = Base; path = Base.lproj/LaunchScreen.xib; sourceTree = "<group>"; };
		DCAC177B1A5BC907009DA01F /* CocoaheadsTests.xctest */ = {isa = PBXFileReference; explicitFileType = wrapper.cfbundle; includeInIndex = 0; path = CocoaheadsTests.xctest; sourceTree = BUILT_PRODUCTS_DIR; };
		DCAC17801A5BC907009DA01F /* Info.plist */ = {isa = PBXFileReference; lastKnownFileType = text.plist.xml; path = Info.plist; sourceTree = "<group>"; };
		DCAC17811A5BC907009DA01F /* CocoaheadsTests.swift */ = {isa = PBXFileReference; lastKnownFileType = sourcecode.swift; path = CocoaheadsTests.swift; sourceTree = "<group>"; };
		DCAC178B1A5BC939009DA01F /* Bolts.framework */ = {isa = PBXFileReference; lastKnownFileType = wrapper.framework; name = Bolts.framework; path = ../Bolts.framework; sourceTree = "<group>"; };
		DCAC178C1A5BC939009DA01F /* Parse.framework */ = {isa = PBXFileReference; lastKnownFileType = wrapper.framework; name = Parse.framework; path = ../Parse.framework; sourceTree = "<group>"; };
		DCAC178D1A5BC939009DA01F /* ParseCrashReporting.framework */ = {isa = PBXFileReference; lastKnownFileType = wrapper.framework; name = ParseCrashReporting.framework; path = ../ParseCrashReporting.framework; sourceTree = "<group>"; };
		DCAC17921A5BC973009DA01F /* AudioToolbox.framework */ = {isa = PBXFileReference; lastKnownFileType = wrapper.framework; name = AudioToolbox.framework; path = System/Library/Frameworks/AudioToolbox.framework; sourceTree = SDKROOT; };
		DCAC17941A5BC97E009DA01F /* CFNetwork.framework */ = {isa = PBXFileReference; lastKnownFileType = wrapper.framework; name = CFNetwork.framework; path = System/Library/Frameworks/CFNetwork.framework; sourceTree = SDKROOT; };
		DCAC17961A5BC983009DA01F /* CoreLocation.framework */ = {isa = PBXFileReference; lastKnownFileType = wrapper.framework; name = CoreLocation.framework; path = System/Library/Frameworks/CoreLocation.framework; sourceTree = SDKROOT; };
		DCAC17981A5BC98B009DA01F /* CoreGraphics.framework */ = {isa = PBXFileReference; lastKnownFileType = wrapper.framework; name = CoreGraphics.framework; path = System/Library/Frameworks/CoreGraphics.framework; sourceTree = SDKROOT; };
		DCAC179A1A5BC995009DA01F /* MobileCoreServices.framework */ = {isa = PBXFileReference; lastKnownFileType = wrapper.framework; name = MobileCoreServices.framework; path = System/Library/Frameworks/MobileCoreServices.framework; sourceTree = SDKROOT; };
		DCAC179C1A5BC99F009DA01F /* QuartzCore.framework */ = {isa = PBXFileReference; lastKnownFileType = wrapper.framework; name = QuartzCore.framework; path = System/Library/Frameworks/QuartzCore.framework; sourceTree = SDKROOT; };
		DCAC179E1A5BC9A4009DA01F /* Security.framework */ = {isa = PBXFileReference; lastKnownFileType = wrapper.framework; name = Security.framework; path = System/Library/Frameworks/Security.framework; sourceTree = SDKROOT; };
		DCAC17A01A5BC9A9009DA01F /* StoreKit.framework */ = {isa = PBXFileReference; lastKnownFileType = wrapper.framework; name = StoreKit.framework; path = System/Library/Frameworks/StoreKit.framework; sourceTree = SDKROOT; };
		DCAC17A21A5BC9B6009DA01F /* SystemConfiguration.framework */ = {isa = PBXFileReference; lastKnownFileType = wrapper.framework; name = SystemConfiguration.framework; path = System/Library/Frameworks/SystemConfiguration.framework; sourceTree = SDKROOT; };
		DCAC17A41A5BC9BF009DA01F /* libz.dylib */ = {isa = PBXFileReference; lastKnownFileType = "compiled.mach-o.dylib"; name = libz.dylib; path = usr/lib/libz.dylib; sourceTree = SDKROOT; };
		DCAC17A61A5BC9C5009DA01F /* libsqlite3.dylib */ = {isa = PBXFileReference; lastKnownFileType = "compiled.mach-o.dylib"; name = libsqlite3.dylib; path = usr/lib/libsqlite3.dylib; sourceTree = SDKROOT; };
		DCAC17A81A5BCA66009DA01F /* BridgingHeader.h */ = {isa = PBXFileReference; fileEncoding = 4; lastKnownFileType = sourcecode.c.h; path = BridgingHeader.h; sourceTree = "<group>"; };
		DCAC17AC1A5BD413009DA01F /* libstdc++.6.dylib */ = {isa = PBXFileReference; lastKnownFileType = "compiled.mach-o.dylib"; name = "libstdc++.6.dylib"; path = "usr/lib/libstdc++.6.dylib"; sourceTree = SDKROOT; };
		DCAC17AE1A5BD7C7009DA01F /* MapKit.framework */ = {isa = PBXFileReference; lastKnownFileType = wrapper.framework; name = MapKit.framework; path = System/Library/Frameworks/MapKit.framework; sourceTree = SDKROOT; };
		DCAC17B01A5BD920009DA01F /* MapAnnotation.swift */ = {isa = PBXFileReference; fileEncoding = 4; lastKnownFileType = sourcecode.swift; path = MapAnnotation.swift; sourceTree = "<group>"; };
		DCCECF991A60B2EA00CC89AF /* MeetingListViewController.swift */ = {isa = PBXFileReference; fileEncoding = 4; lastKnownFileType = sourcecode.swift; path = MeetingListViewController.swift; sourceTree = "<group>"; };
		DCCECF9B1A60B3D900CC89AF /* ParseUI.framework */ = {isa = PBXFileReference; lastKnownFileType = wrapper.framework; path = ParseUI.framework; sourceTree = "<group>"; };
		DCFCBA771A6B29F500970748 /* Registration.swift */ = {isa = PBXFileReference; fileEncoding = 4; lastKnownFileType = sourcecode.swift; path = Registration.swift; sourceTree = "<group>"; };
/* End PBXFileReference section */

/* Begin PBXFrameworksBuildPhase section */
		DCAC17631A5BC906009DA01F /* Frameworks */ = {
			isa = PBXFrameworksBuildPhase;
			buildActionMask = 2147483647;
			files = (
				DC4CEFE91A6888170066AC6D /* Accounts.framework in Frameworks */,
				DC4CEFE71A6887990066AC6D /* Social.framework in Frameworks */,
				DCAC17AF1A5BD7C7009DA01F /* MapKit.framework in Frameworks */,
				DCAC17AD1A5BD413009DA01F /* libstdc++.6.dylib in Frameworks */,
				DCAC17A71A5BC9C5009DA01F /* libsqlite3.dylib in Frameworks */,
				DCAC17A51A5BC9BF009DA01F /* libz.dylib in Frameworks */,
				DCAC17A31A5BC9B6009DA01F /* SystemConfiguration.framework in Frameworks */,
				DCAC17A11A5BC9A9009DA01F /* StoreKit.framework in Frameworks */,
				DCAC179F1A5BC9A4009DA01F /* Security.framework in Frameworks */,
				DCAC179D1A5BC99F009DA01F /* QuartzCore.framework in Frameworks */,
				DCAC179B1A5BC995009DA01F /* MobileCoreServices.framework in Frameworks */,
				DCCECF9C1A60B3D900CC89AF /* ParseUI.framework in Frameworks */,
				DCAC17991A5BC98B009DA01F /* CoreGraphics.framework in Frameworks */,
				DCAC17971A5BC983009DA01F /* CoreLocation.framework in Frameworks */,
				DCAC17951A5BC97E009DA01F /* CFNetwork.framework in Frameworks */,
				DCAC17931A5BC973009DA01F /* AudioToolbox.framework in Frameworks */,
				DCAC178F1A5BC939009DA01F /* Parse.framework in Frameworks */,
				DCAC17901A5BC939009DA01F /* ParseCrashReporting.framework in Frameworks */,
				DCAC178E1A5BC939009DA01F /* Bolts.framework in Frameworks */,
			);
			runOnlyForDeploymentPostprocessing = 0;
		};
		DCAC17781A5BC907009DA01F /* Frameworks */ = {
			isa = PBXFrameworksBuildPhase;
			buildActionMask = 2147483647;
			files = (
			);
			runOnlyForDeploymentPostprocessing = 0;
		};
/* End PBXFrameworksBuildPhase section */

/* Begin PBXGroup section */
		DC6911A21A617A0200EE2693 /* Model */ = {
			isa = PBXGroup;
			children = (
				DCAC17B01A5BD920009DA01F /* MapAnnotation.swift */,
				DC951CE31A684E8A00790BDA /* Location.swift */,
				DC951CE51A684EFF00790BDA /* Meeting.swift */,
				DCFCBA771A6B29F500970748 /* Registration.swift */,
			);
			name = Model;
			sourceTree = "<group>";
		};
		DC6911A31A617A0800EE2693 /* ViewController */ = {
			isa = PBXGroup;
			children = (
				DCAC176D1A5BC906009DA01F /* MapViewController.swift */,
				DCCECF991A60B2EA00CC89AF /* MeetingListViewController.swift */,
				DC951CE71A685A1000790BDA /* MeetingCreateViewController.swift */,
			);
			name = ViewController;
			sourceTree = "<group>";
		};
		DC6911A41A617A1300EE2693 /* View */ = {
			isa = PBXGroup;
			children = (
				DCAC176F1A5BC906009DA01F /* Main.storyboard */,
				DCAC17721A5BC907009DA01F /* Images.xcassets */,
				DCAC17741A5BC907009DA01F /* LaunchScreen.xib */,
			);
			name = View;
			sourceTree = "<group>";
		};
		DCAC175D1A5BC906009DA01F = {
			isa = PBXGroup;
			children = (
				DCAC17681A5BC906009DA01F /* Cocoaheads */,
				DCAC177E1A5BC907009DA01F /* CocoaheadsTests */,
				DCAC17671A5BC906009DA01F /* Products */,
			);
			sourceTree = "<group>";
		};
		DCAC17671A5BC906009DA01F /* Products */ = {
			isa = PBXGroup;
			children = (
				DCAC17661A5BC906009DA01F /* Cocoaheads.app */,
				DCAC177B1A5BC907009DA01F /* CocoaheadsTests.xctest */,
			);
			name = Products;
			sourceTree = "<group>";
		};
		DCAC17681A5BC906009DA01F /* Cocoaheads */ = {
			isa = PBXGroup;
			children = (
				DCAC176B1A5BC906009DA01F /* AppDelegate.swift */,
				DC6911A31A617A0800EE2693 /* ViewController */,
				DC6911A21A617A0200EE2693 /* Model */,
				DC6911A41A617A1300EE2693 /* View */,
				DCAC17691A5BC906009DA01F /* Supporting Files */,
			);
			path = Cocoaheads;
			sourceTree = "<group>";
		};
		DCAC17691A5BC906009DA01F /* Supporting Files */ = {
			isa = PBXGroup;
			children = (
				DCAC17A81A5BCA66009DA01F /* BridgingHeader.h */,
				DCAC17911A5BC947009DA01F /* Frameworks */,
				DCAC176A1A5BC906009DA01F /* Info.plist */,
			);
			name = "Supporting Files";
			sourceTree = "<group>";
		};
		DCAC177E1A5BC907009DA01F /* CocoaheadsTests */ = {
			isa = PBXGroup;
			children = (
				DCAC17811A5BC907009DA01F /* CocoaheadsTests.swift */,
				DCAC177F1A5BC907009DA01F /* Supporting Files */,
			);
			path = CocoaheadsTests;
			sourceTree = "<group>";
		};
		DCAC177F1A5BC907009DA01F /* Supporting Files */ = {
			isa = PBXGroup;
			children = (
				DCAC17801A5BC907009DA01F /* Info.plist */,
			);
			name = "Supporting Files";
			sourceTree = "<group>";
		};
		DCAC17911A5BC947009DA01F /* Frameworks */ = {
			isa = PBXGroup;
			children = (
				DC4CEFE81A6888170066AC6D /* Accounts.framework */,
				DC4CEFE61A6887990066AC6D /* Social.framework */,
				DCCECF9B1A60B3D900CC89AF /* ParseUI.framework */,
				DCAC17AE1A5BD7C7009DA01F /* MapKit.framework */,
				DCAC17AC1A5BD413009DA01F /* libstdc++.6.dylib */,
				DCAC17A61A5BC9C5009DA01F /* libsqlite3.dylib */,
				DCAC17A41A5BC9BF009DA01F /* libz.dylib */,
				DCAC17A21A5BC9B6009DA01F /* SystemConfiguration.framework */,
				DCAC17A01A5BC9A9009DA01F /* StoreKit.framework */,
				DCAC179E1A5BC9A4009DA01F /* Security.framework */,
				DCAC179C1A5BC99F009DA01F /* QuartzCore.framework */,
				DCAC179A1A5BC995009DA01F /* MobileCoreServices.framework */,
				DCAC17981A5BC98B009DA01F /* CoreGraphics.framework */,
				DCAC17961A5BC983009DA01F /* CoreLocation.framework */,
				DCAC17941A5BC97E009DA01F /* CFNetwork.framework */,
				DCAC17921A5BC973009DA01F /* AudioToolbox.framework */,
				DCAC178B1A5BC939009DA01F /* Bolts.framework */,
				DCAC178C1A5BC939009DA01F /* Parse.framework */,
				DCAC178D1A5BC939009DA01F /* ParseCrashReporting.framework */,
			);
			name = Frameworks;
			sourceTree = "<group>";
		};
/* End PBXGroup section */

/* Begin PBXNativeTarget section */
		DCAC17651A5BC906009DA01F /* Cocoaheads */ = {
			isa = PBXNativeTarget;
			buildConfigurationList = DCAC17851A5BC907009DA01F /* Build configuration list for PBXNativeTarget "Cocoaheads" */;
			buildPhases = (
				DCAC17621A5BC906009DA01F /* Sources */,
				DCAC17631A5BC906009DA01F /* Frameworks */,
				DCAC17641A5BC906009DA01F /* Resources */,
				DCAC17A91A5BCB19009DA01F /* ShellScript */,
			);
			buildRules = (
			);
			dependencies = (
			);
			name = Cocoaheads;
			productName = Cocoaheads;
			productReference = DCAC17661A5BC906009DA01F /* Cocoaheads.app */;
			productType = "com.apple.product-type.application";
		};
		DCAC177A1A5BC907009DA01F /* CocoaheadsTests */ = {
			isa = PBXNativeTarget;
			buildConfigurationList = DCAC17881A5BC907009DA01F /* Build configuration list for PBXNativeTarget "CocoaheadsTests" */;
			buildPhases = (
				DCAC17771A5BC907009DA01F /* Sources */,
				DCAC17781A5BC907009DA01F /* Frameworks */,
				DCAC17791A5BC907009DA01F /* Resources */,
			);
			buildRules = (
			);
			dependencies = (
				DCAC177D1A5BC907009DA01F /* PBXTargetDependency */,
			);
			name = CocoaheadsTests;
			productName = CocoaheadsTests;
			productReference = DCAC177B1A5BC907009DA01F /* CocoaheadsTests.xctest */;
			productType = "com.apple.product-type.bundle.unit-test";
		};
/* End PBXNativeTarget section */

/* Begin PBXProject section */
		DCAC175E1A5BC906009DA01F /* Project object */ = {
			isa = PBXProject;
			attributes = {
				LastUpgradeCheck = 0610;
				ORGANIZATIONNAME = "Felix Wehnert";
				TargetAttributes = {
					DCAC17651A5BC906009DA01F = {
						CreatedOnToolsVersion = 6.1.1;
						DevelopmentTeam = ZXT6586FS8;
					};
					DCAC177A1A5BC907009DA01F = {
						CreatedOnToolsVersion = 6.1.1;
						TestTargetID = DCAC17651A5BC906009DA01F;
					};
				};
			};
			buildConfigurationList = DCAC17611A5BC906009DA01F /* Build configuration list for PBXProject "Cocoaheads" */;
			compatibilityVersion = "Xcode 3.2";
			developmentRegion = English;
			hasScannedForEncodings = 0;
			knownRegions = (
				en,
				Base,
			);
			mainGroup = DCAC175D1A5BC906009DA01F;
			productRefGroup = DCAC17671A5BC906009DA01F /* Products */;
			projectDirPath = "";
			projectRoot = "";
			targets = (
				DCAC17651A5BC906009DA01F /* Cocoaheads */,
				DCAC177A1A5BC907009DA01F /* CocoaheadsTests */,
			);
		};
/* End PBXProject section */

/* Begin PBXResourcesBuildPhase section */
		DCAC17641A5BC906009DA01F /* Resources */ = {
			isa = PBXResourcesBuildPhase;
			buildActionMask = 2147483647;
			files = (
				DCAC17711A5BC906009DA01F /* Main.storyboard in Resources */,
				DCAC17761A5BC907009DA01F /* LaunchScreen.xib in Resources */,
				DCAC17731A5BC907009DA01F /* Images.xcassets in Resources */,
			);
			runOnlyForDeploymentPostprocessing = 0;
		};
		DCAC17791A5BC907009DA01F /* Resources */ = {
			isa = PBXResourcesBuildPhase;
			buildActionMask = 2147483647;
			files = (
			);
			runOnlyForDeploymentPostprocessing = 0;
		};
/* End PBXResourcesBuildPhase section */

/* Begin PBXShellScriptBuildPhase section */
		DCAC17A91A5BCB19009DA01F /* ShellScript */ = {
			isa = PBXShellScriptBuildPhase;
			buildActionMask = 8;
			files = (
			);
			inputPaths = (
			);
			outputPaths = (
			);
			runOnlyForDeploymentPostprocessing = 1;
			shellPath = /bin/sh;
			shellScript = "export PATH=/usr/local/bin:$PATH\ncd <path_to_cloudcode_folder>\n\nparse symbols \"${DWARF_DSYM_FOLDER_PATH}/${DWARF_DSYM_FILE_NAME}\"";
		};
/* End PBXShellScriptBuildPhase section */

/* Begin PBXSourcesBuildPhase section */
		DCAC17621A5BC906009DA01F /* Sources */ = {
			isa = PBXSourcesBuildPhase;
			buildActionMask = 2147483647;
			files = (
				DCFCBA781A6B29F500970748 /* Registration.swift in Sources */,
				DC951CE61A684EFF00790BDA /* Meeting.swift in Sources */,
				DCAC176E1A5BC906009DA01F /* MapViewController.swift in Sources */,
				DCAC17B11A5BD920009DA01F /* MapAnnotation.swift in Sources */,
				DCCECF9A1A60B2EA00CC89AF /* MeetingListViewController.swift in Sources */,
				DC951CE81A685A1000790BDA /* MeetingCreateViewController.swift in Sources */,
				DCAC176C1A5BC906009DA01F /* AppDelegate.swift in Sources */,
				DC951CE41A684E8A00790BDA /* Location.swift in Sources */,
			);
			runOnlyForDeploymentPostprocessing = 0;
		};
		DCAC17771A5BC907009DA01F /* Sources */ = {
			isa = PBXSourcesBuildPhase;
			buildActionMask = 2147483647;
			files = (
				DCAC17821A5BC907009DA01F /* CocoaheadsTests.swift in Sources */,
			);
			runOnlyForDeploymentPostprocessing = 0;
		};
/* End PBXSourcesBuildPhase section */

/* Begin PBXTargetDependency section */
		DCAC177D1A5BC907009DA01F /* PBXTargetDependency */ = {
			isa = PBXTargetDependency;
			target = DCAC17651A5BC906009DA01F /* Cocoaheads */;
			targetProxy = DCAC177C1A5BC907009DA01F /* PBXContainerItemProxy */;
		};
/* End PBXTargetDependency section */

/* Begin PBXVariantGroup section */
		DCAC176F1A5BC906009DA01F /* Main.storyboard */ = {
			isa = PBXVariantGroup;
			children = (
				DCAC17701A5BC906009DA01F /* Base */,
			);
			name = Main.storyboard;
			sourceTree = "<group>";
		};
		DCAC17741A5BC907009DA01F /* LaunchScreen.xib */ = {
			isa = PBXVariantGroup;
			children = (
				DCAC17751A5BC907009DA01F /* Base */,
			);
			name = LaunchScreen.xib;
			sourceTree = "<group>";
		};
/* End PBXVariantGroup section */

/* Begin XCBuildConfiguration section */
		DCAC17831A5BC907009DA01F /* Debug */ = {
			isa = XCBuildConfiguration;
			buildSettings = {
				ALWAYS_SEARCH_USER_PATHS = NO;
				CLANG_CXX_LANGUAGE_STANDARD = "gnu++0x";
				CLANG_CXX_LIBRARY = "libc++";
				CLANG_ENABLE_MODULES = YES;
				CLANG_ENABLE_OBJC_ARC = YES;
				CLANG_WARN_BOOL_CONVERSION = YES;
				CLANG_WARN_CONSTANT_CONVERSION = YES;
				CLANG_WARN_DIRECT_OBJC_ISA_USAGE = YES_ERROR;
				CLANG_WARN_EMPTY_BODY = YES;
				CLANG_WARN_ENUM_CONVERSION = YES;
				CLANG_WARN_INT_CONVERSION = YES;
				CLANG_WARN_OBJC_ROOT_CLASS = YES_ERROR;
				CLANG_WARN_UNREACHABLE_CODE = YES;
				CLANG_WARN__DUPLICATE_METHOD_MATCH = YES;
				"CODE_SIGN_IDENTITY[sdk=iphoneos*]" = "iPhone Developer";
				COPY_PHASE_STRIP = NO;
				ENABLE_STRICT_OBJC_MSGSEND = YES;
				GCC_C_LANGUAGE_STANDARD = gnu99;
				GCC_DYNAMIC_NO_PIC = NO;
				GCC_OPTIMIZATION_LEVEL = 0;
				GCC_PREPROCESSOR_DEFINITIONS = (
					"DEBUG=1",
					"$(inherited)",
				);
				GCC_SYMBOLS_PRIVATE_EXTERN = NO;
				GCC_WARN_64_TO_32_BIT_CONVERSION = YES;
				GCC_WARN_ABOUT_RETURN_TYPE = YES_ERROR;
				GCC_WARN_UNDECLARED_SELECTOR = YES;
				GCC_WARN_UNINITIALIZED_AUTOS = YES_AGGRESSIVE;
				GCC_WARN_UNUSED_FUNCTION = YES;
				GCC_WARN_UNUSED_VARIABLE = YES;
				IPHONEOS_DEPLOYMENT_TARGET = 8.1;
				MTL_ENABLE_DEBUG_INFO = YES;
				ONLY_ACTIVE_ARCH = YES;
				SDKROOT = iphoneos;
				SWIFT_OPTIMIZATION_LEVEL = "-Onone";
			};
			name = Debug;
		};
		DCAC17841A5BC907009DA01F /* Release */ = {
			isa = XCBuildConfiguration;
			buildSettings = {
				ALWAYS_SEARCH_USER_PATHS = NO;
				CLANG_CXX_LANGUAGE_STANDARD = "gnu++0x";
				CLANG_CXX_LIBRARY = "libc++";
				CLANG_ENABLE_MODULES = YES;
				CLANG_ENABLE_OBJC_ARC = YES;
				CLANG_WARN_BOOL_CONVERSION = YES;
				CLANG_WARN_CONSTANT_CONVERSION = YES;
				CLANG_WARN_DIRECT_OBJC_ISA_USAGE = YES_ERROR;
				CLANG_WARN_EMPTY_BODY = YES;
				CLANG_WARN_ENUM_CONVERSION = YES;
				CLANG_WARN_INT_CONVERSION = YES;
				CLANG_WARN_OBJC_ROOT_CLASS = YES_ERROR;
				CLANG_WARN_UNREACHABLE_CODE = YES;
				CLANG_WARN__DUPLICATE_METHOD_MATCH = YES;
				"CODE_SIGN_IDENTITY[sdk=iphoneos*]" = "iPhone Developer";
				COPY_PHASE_STRIP = YES;
				ENABLE_NS_ASSERTIONS = NO;
				ENABLE_STRICT_OBJC_MSGSEND = YES;
				GCC_C_LANGUAGE_STANDARD = gnu99;
				GCC_WARN_64_TO_32_BIT_CONVERSION = YES;
				GCC_WARN_ABOUT_RETURN_TYPE = YES_ERROR;
				GCC_WARN_UNDECLARED_SELECTOR = YES;
				GCC_WARN_UNINITIALIZED_AUTOS = YES_AGGRESSIVE;
				GCC_WARN_UNUSED_FUNCTION = YES;
				GCC_WARN_UNUSED_VARIABLE = YES;
				IPHONEOS_DEPLOYMENT_TARGET = 8.1;
				MTL_ENABLE_DEBUG_INFO = NO;
				SDKROOT = iphoneos;
				VALIDATE_PRODUCT = YES;
			};
			name = Release;
		};
		DCAC17861A5BC907009DA01F /* Debug */ = {
			isa = XCBuildConfiguration;
			buildSettings = {
				ASSETCATALOG_COMPILER_APPICON_NAME = AppIcon;
				CLANG_CXX_LANGUAGE_STANDARD = "compiler-default";
				CLANG_CXX_LIBRARY = "compiler-default";
				CODE_SIGN_IDENTITY = "iPhone Developer";
				"CODE_SIGN_IDENTITY[sdk=iphoneos*]" = "iPhone Developer";
				FRAMEWORK_SEARCH_PATHS = (
					"$(inherited)",
					"$(PROJECT_DIR)",
					"$(PROJECT_DIR)/Cocoaheads",
				);
				INFOPLIST_FILE = Cocoaheads/Info.plist;
				LD_RUNPATH_SEARCH_PATHS = "$(inherited) @executable_path/Frameworks";
				PRODUCT_NAME = "$(TARGET_NAME)";
				PROVISIONING_PROFILE = "";
				SWIFT_OBJC_BRIDGING_HEADER = Cocoaheads/BridgingHeader.h;
			};
			name = Debug;
		};
		DCAC17871A5BC907009DA01F /* Release */ = {
			isa = XCBuildConfiguration;
			buildSettings = {
				ASSETCATALOG_COMPILER_APPICON_NAME = AppIcon;
				CLANG_CXX_LANGUAGE_STANDARD = "compiler-default";
				CLANG_CXX_LIBRARY = "compiler-default";
				CODE_SIGN_IDENTITY = "iPhone Developer";
				"CODE_SIGN_IDENTITY[sdk=iphoneos*]" = "iPhone Developer";
				FRAMEWORK_SEARCH_PATHS = (
					"$(inherited)",
					"$(PROJECT_DIR)",
					"$(PROJECT_DIR)/Cocoaheads",
				);
				INFOPLIST_FILE = Cocoaheads/Info.plist;
				LD_RUNPATH_SEARCH_PATHS = "$(inherited) @executable_path/Frameworks";
				PRODUCT_NAME = "$(TARGET_NAME)";
				PROVISIONING_PROFILE = "";
				SWIFT_OBJC_BRIDGING_HEADER = Cocoaheads/BridgingHeader.h;
			};
			name = Release;
		};
		DCAC17891A5BC907009DA01F /* Debug */ = {
			isa = XCBuildConfiguration;
			buildSettings = {
				BUNDLE_LOADER = "$(TEST_HOST)";
				FRAMEWORK_SEARCH_PATHS = (
					"$(SDKROOT)/Developer/Library/Frameworks",
					"$(inherited)",
				);
				GCC_PREPROCESSOR_DEFINITIONS = (
					"DEBUG=1",
					"$(inherited)",
				);
				INFOPLIST_FILE = CocoaheadsTests/Info.plist;
				LD_RUNPATH_SEARCH_PATHS = "$(inherited) @executable_path/Frameworks @loader_path/Frameworks";
				PRODUCT_NAME = "$(TARGET_NAME)";
				TEST_HOST = "$(BUILT_PRODUCTS_DIR)/Cocoaheads.app/Cocoaheads";
			};
			name = Debug;
		};
		DCAC178A1A5BC907009DA01F /* Release */ = {
			isa = XCBuildConfiguration;
			buildSettings = {
				BUNDLE_LOADER = "$(TEST_HOST)";
				FRAMEWORK_SEARCH_PATHS = (
					"$(SDKROOT)/Developer/Library/Frameworks",
					"$(inherited)",
				);
				INFOPLIST_FILE = CocoaheadsTests/Info.plist;
				LD_RUNPATH_SEARCH_PATHS = "$(inherited) @executable_path/Frameworks @loader_path/Frameworks";
				PRODUCT_NAME = "$(TARGET_NAME)";
				TEST_HOST = "$(BUILT_PRODUCTS_DIR)/Cocoaheads.app/Cocoaheads";
			};
			name = Release;
		};
/* End XCBuildConfiguration section */

/* Begin XCConfigurationList section */
		DCAC17611A5BC906009DA01F /* Build configuration list for PBXProject "Cocoaheads" */ = {
			isa = XCConfigurationList;
			buildConfigurations = (
				DCAC17831A5BC907009DA01F /* Debug */,
				DCAC17841A5BC907009DA01F /* Release */,
			);
			defaultConfigurationIsVisible = 0;
			defaultConfigurationName = Release;
		};
		DCAC17851A5BC907009DA01F /* Build configuration list for PBXNativeTarget "Cocoaheads" */ = {
			isa = XCConfigurationList;
			buildConfigurations = (
				DCAC17861A5BC907009DA01F /* Debug */,
				DCAC17871A5BC907009DA01F /* Release */,
			);
			defaultConfigurationIsVisible = 0;
			defaultConfigurationName = Release;
		};
		DCAC17881A5BC907009DA01F /* Build configuration list for PBXNativeTarget "CocoaheadsTests" */ = {
			isa = XCConfigurationList;
			buildConfigurations = (
				DCAC17891A5BC907009DA01F /* Debug */,
				DCAC178A1A5BC907009DA01F /* Release */,
			);
			defaultConfigurationIsVisible = 0;
			defaultConfigurationName = Release;
		};
/* End XCConfigurationList section */
	};
	rootObject = DCAC175E1A5BC906009DA01F /* Project object */;
}
